
Microsoft Visual Studio Solution File, Format Version 12.00
# Visual Studio Version 16
VisualStudioVersion = 16.0.31702.278
MinimumVisualStudioVersion = 10.0.40219.1
Project("{FAE04EC0-301F-11D3-BF4B-00C04F79EFBC}") = "WindowsFormsDONE", "WindowsFormsDONE\WindowsFormsDONE.csproj", "{43A5ECAC-8191-4420-BD9C-9A9749ABB89C}"
EndProject
Global
	GlobalSection(SolutionConfigurationPlatforms) = preSolution
		Debug|Any CPU = Debug|Any CPU
		Release|Any CPU = Release|Any CPU
	EndGlobalSection
	GlobalSection(ProjectConfigurationPlatforms) = postSolution
		{43A5ECAC-8191-4420-BD9C-9A9749ABB89C}.Debug|Any CPU.ActiveCfg = Debug|Any CPU
		{43A5ECAC-8191-4420-BD9C-9A9749ABB89C}.Debug|Any CPU.Build.0 = Debug|Any CPU
		{43A5ECAC-8191-4420-BD9C-9A9749ABB89C}.Release|Any CPU.ActiveCfg = Release|Any CPU
		{43A5ECAC-8191-4420-BD9C-9A9749ABB89C}.Release|Any CPU.Build.0 = Release|Any CPU
	EndGlobalSection
	GlobalSection(SolutionProperties) = preSolution
		HideSolutionNode = FALSE
	EndGlobalSection
	GlobalSection(ExtensibilityGlobals) = postSolution
		SolutionGuid = {3025EF18-3019-4012-97A9-995894053533}
	EndGlobalSection
EndGlobal
